
Microsoft Visual Studio Solution File, Format Version 12.00
# Visual Studio Version 17
VisualStudioVersion = 17.4.33403.182
MinimumVisualStudioVersion = 10.0.40219.1
Project("{FAE04EC0-301F-11D3-BF4B-00C04F79EFBC}") = "CustomerAPI", "CustomerAPI\CustomerAPI.csproj", "{4334A83F-F7C1-41C4-A2B0-060F48B6EDBD}"
EndProject
Global
	GlobalSection(SolutionConfigurationPlatforms) = preSolution
		Debug|Any CPU = Debug|Any CPU
		Release|Any CPU = Release|Any CPU
	EndGlobalSection
	GlobalSection(ProjectConfigurationPlatforms) = postSolution
		{4334A83F-F7C1-41C4-A2B0-060F48B6EDBD}.Debug|Any CPU.ActiveCfg = Debug|Any CPU
		{4334A83F-F7C1-41C4-A2B0-060F48B6EDBD}.Debug|Any CPU.Build.0 = Debug|Any CPU
		{4334A83F-F7C1-41C4-A2B0-060F48B6EDBD}.Release|Any CPU.ActiveCfg = Release|Any CPU
		{4334A83F-F7C1-41C4-A2B0-060F48B6EDBD}.Release|Any CPU.Build.0 = Release|Any CPU
	EndGlobalSection
	GlobalSection(SolutionProperties) = preSolution
		HideSolutionNode = FALSE
	EndGlobalSection
	GlobalSection(ExtensibilityGlobals) = postSolution
		SolutionGuid = {704FB386-CD2B-4FA7-80E3-C7302684EFD4}
	EndGlobalSection
EndGlobal
